
Microsoft Visual Studio Solution File, Format Version 12.00
# Visual Studio Version 17
VisualStudioVersion = 17.13.35828.75 d17.13
MinimumVisualStudioVersion = 10.0.40219.1
Project("{FAE04EC0-301F-11D3-BF4B-00C04F79EFBC}") = "UserApi", "UserApi\UserApi.csproj", "{40958793-6975-48EB-A336-CB4ADDE46CD9}"
EndProject
Project("{FAE04EC0-301F-11D3-BF4B-00C04F79EFBC}") = "Application", "Application\Application.csproj", "{B87E6337-458A-4BC8-A495-C13EF3D4A808}"
EndProject
Project("{FAE04EC0-301F-11D3-BF4B-00C04F79EFBC}") = "Domain", "Domain\Domain.csproj", "{86C30E89-DAEC-4169-96D4-D59EBEEEA2A3}"
EndProject
Project("{FAE04EC0-301F-11D3-BF4B-00C04F79EFBC}") = "Infrastructure", "Infrastructure\Infrastructure.csproj", "{B78F13E5-86B6-4FF8-9336-12F4A55EFFDA}"
EndProject
Project("{FAE04EC0-301F-11D3-BF4B-00C04F79EFBC}") = "CrossCutting", "CrossCutting\CrossCutting.csproj", "{FA14D0D8-0612-4ED5-A8DE-080678044005}"
EndProject
Global
	GlobalSection(SolutionConfigurationPlatforms) = preSolution
		Debug|Any CPU = Debug|Any CPU
		Release|Any CPU = Release|Any CPU
	EndGlobalSection
	GlobalSection(ProjectConfigurationPlatforms) = postSolution
		{40958793-6975-48EB-A336-CB4ADDE46CD9}.Debug|Any CPU.ActiveCfg = Debug|Any CPU
		{40958793-6975-48EB-A336-CB4ADDE46CD9}.Debug|Any CPU.Build.0 = Debug|Any CPU
		{40958793-6975-48EB-A336-CB4ADDE46CD9}.Release|Any CPU.ActiveCfg = Release|Any CPU
		{40958793-6975-48EB-A336-CB4ADDE46CD9}.Release|Any CPU.Build.0 = Release|Any CPU
		{B87E6337-458A-4BC8-A495-C13EF3D4A808}.Debug|Any CPU.ActiveCfg = Debug|Any CPU
		{B87E6337-458A-4BC8-A495-C13EF3D4A808}.Debug|Any CPU.Build.0 = Debug|Any CPU
		{B87E6337-458A-4BC8-A495-C13EF3D4A808}.Release|Any CPU.ActiveCfg = Release|Any CPU
		{B87E6337-458A-4BC8-A495-C13EF3D4A808}.Release|Any CPU.Build.0 = Release|Any CPU
		{86C30E89-DAEC-4169-96D4-D59EBEEEA2A3}.Debug|Any CPU.ActiveCfg = Debug|Any CPU
		{86C30E89-DAEC-4169-96D4-D59EBEEEA2A3}.Debug|Any CPU.Build.0 = Debug|Any CPU
		{86C30E89-DAEC-4169-96D4-D59EBEEEA2A3}.Release|Any CPU.ActiveCfg = Release|Any CPU
		{86C30E89-DAEC-4169-96D4-D59EBEEEA2A3}.Release|Any CPU.Build.0 = Release|Any CPU
		{B78F13E5-86B6-4FF8-9336-12F4A55EFFDA}.Debug|Any CPU.ActiveCfg = Debug|Any CPU
		{B78F13E5-86B6-4FF8-9336-12F4A55EFFDA}.Debug|Any CPU.Build.0 = Debug|Any CPU
		{B78F13E5-86B6-4FF8-9336-12F4A55EFFDA}.Release|Any CPU.ActiveCfg = Release|Any CPU
		{B78F13E5-86B6-4FF8-9336-12F4A55EFFDA}.Release|Any CPU.Build.0 = Release|Any CPU
		{FA14D0D8-0612-4ED5-A8DE-080678044005}.Debug|Any CPU.ActiveCfg = Debug|Any CPU
		{FA14D0D8-0612-4ED5-A8DE-080678044005}.Debug|Any CPU.Build.0 = Debug|Any CPU
		{FA14D0D8-0612-4ED5-A8DE-080678044005}.Release|Any CPU.ActiveCfg = Release|Any CPU
		{FA14D0D8-0612-4ED5-A8DE-080678044005}.Release|Any CPU.Build.0 = Release|Any CPU
	EndGlobalSection
	GlobalSection(SolutionProperties) = preSolution
		HideSolutionNode = FALSE
	EndGlobalSection
	GlobalSection(ExtensibilityGlobals) = postSolution
		SolutionGuid = {7AFA83BB-4DF6-4040-87D8-3C283EA5AE33}
	EndGlobalSection
EndGlobal
